anyio==4.14.2 --hash=sha256:9f505dda5ac9f0c8309b5e8bd445a8c2bf7246f3ce950121e45ea15bc41d1494
certifi==2026.7.22 --hash=sha256:62f22742b58a1a33014a2b6b706588a8d7e2a88ae7bd1a6ebe8c992928483775
click==8.4.2 --hash=sha256:e6f9f66136c816745b9d65817da91d61d957fb16e02e4dcd0552553c5a197b76
filelock==3.32.2 --hash=sha256:87dd94cf281e586d135fa51132b8e3d9a598b316e90377a288663c9321036c82
flatbuffers==25.12.19 --hash=sha256:7634f50c427838bb021c2d66a3d1168e9d199b0607e6329399f04846d42e20b4
fsspec==2026.7.0 --hash=sha256:b57ddbafedfaef7018c1ecab32aa200a9d7ca26b77965f64e48b70061249d279
h11==0.16.0 --hash=sha256:63cf8bbe7522de3bf65932fda1d9c2772064ffb3dae62d55932da54b31cb6c86
hf_xet==1.6.0 --hash=sha256:d62671bb130879cef0ee4c9ebe47a14af6c66ec53e6d84dc15936e5ffdfac82f
httpcore==1.0.9 --hash=sha256:2d400746a40668fc9dec9810239072b40b4484b640a8c38fd654a024c7a1bf55
httpx==0.28.1 --hash=sha256:d909fcccc110f8c7faf814ca82a9a4d816bc5a6dbfea25d6591d6985b8ba59ad
huggingface_hub==1.27.0 --hash=sha256:7df6827c2f956c60fbaa64646e979e566db76f619dd0a9729dfb8c5a3eb4f68d
idna==3.18 --hash=sha256:7f952cbe720b688055e3f87de14f5c3e5fdaa8bc3928985c4077ca689de849a2
markdown==3.10.2 --hash=sha256:e91464b71ae3ee7afd3017d9f358ef0baf158fd9a298db92f1d4761133824c36
numpy==2.4.6 --hash=sha256:a7830bab239b79cda9c08c2da014761cafb48da6150e1da17ac06283f43b6089
onnxruntime==1.27.0 --hash=sha256:6872443f236a554921cda6f318c900e2d0c226792cf3534d00e5057c6926e5d2
packaging==26.3 --hash=sha256:d7193f7c8e4e93f444fde0262bf90af30e16fa0ad0ad44cb553c87339b23cd1c
protobuf==7.35.1 --hash=sha256:74758715c53d7158fb76caf4f0cfdacc5329a4b1bb994f865d6cf302d413a1c4
pygments==2.20.0 --hash=sha256:81a9e26dd42fd28a23a2d169d86d7ac03b46e2f8b59ed4698fb4785f946d0176
pymdown_extensions==11.0.1 --hash=sha256:db3943a62bab7e03af1364f0c4083e64b91fb097675a4b6cceccfbe9a77e5eb2
pyyaml==6.0.3 --hash=sha256:0f29edc409a6392443abf94b9cf89ce99889a1dd5376d94316ae5145dfedd5d6
simplemma==2.0.0 --hash=sha256:db33b15f5aed6485a748ce34d1f510ca760af2633289ab9a8493e2afa785c352
stopwordsiso==0.7.1 --hash=sha256:e23edcffca952f98cd26f54a5c56f93b2fa435c88d3ee60f3beffb4c44279380
tokenizers==0.23.1 --hash=sha256:5075b405006415ea148a992d093699c66eb01952bf59f4d5727089a98bda45a4
tqdm==4.70.0 --hash=sha256:7f585706bfddbdebf89daac705b2dfcc16890130727d3197ca62c732b4310953
typing_extensions==4.16.0 --hash=sha256:481caa481374e813c1b176ada14e97f1f67a4539ce9cfeb3f350d78d6370c2e8
